
Microsoft Visual Studio Solution File, Format Version 12.00
# Visual Studio 15
Project("{FAE04EC0-301F-11D3-BF4B-00C04F79EFBC}") = "Hokm", "Hokm\Hokm.csproj", "{8E23A9E5-E42F-4021-9530-A685C1CE6CE2}"
EndProject
Global
	GlobalSection(SolutionConfigurationPlatforms) = preSolution
		Debug|Any CPU = Debug|Any CPU
		Release|Any CPU = Release|Any CPU
	EndGlobalSection
	GlobalSection(ProjectConfigurationPlatforms) = postSolution
		{8E23A9E5-E42F-4021-9530-A685C1CE6CE2}.Debug|Any CPU.ActiveCfg = Debug|Any CPU
		{8E23A9E5-E42F-4021-9530-A685C1CE6CE2}.Debug|Any CPU.Build.0 = Debug|Any CPU
		{8E23A9E5-E42F-4021-9530-A685C1CE6CE2}.Release|Any CPU.ActiveCfg = Release|Any CPU
		{8E23A9E5-E42F-4021-9530-A685C1CE6CE2}.Release|Any CPU.Build.0 = Release|Any CPU
	EndGlobalSection
EndGlobal
